// !$*UTF8*$!
{
	archiveVersion = 1;
	classes = {
	};
	objectVersion = 77;
	objects = {

/* Begin PBXBuildFile section */
		D65FA85A2D682757003FA8BC /* ClothingClassifier.mlproj in Resources */ = {isa = PBXBuildFile; fileRef = D65FA8592D682757003FA8BC /* ClothingClassifier.mlproj */; };
		D65FA86B2D682C70003FA8BC /* SharedExtension.appex in Embed Foundation Extensions */ = {isa = PBXBuildFile; fileRef = D65FA8612D682C70003FA8BC /* SharedExtension.appex */; settings = {ATTRIBUTES = (RemoveHeadersOnCopy, ); }; };
/* End PBXBuildFile section */

/* Begin PBXContainerItemProxy section */
		D606F1A62D68253900804161 /* PBXContainerItemProxy */ = {
			isa = PBXContainerItemProxy;
			containerPortal = D606F1872D68253700804161 /* Project object */;
			proxyType = 1;
			remoteGlobalIDString = D606F18E2D68253700804161;
			remoteInfo = "project-claze";
		};
		D606F1B02D68253900804161 /* PBXContainerItemProxy */ = {
			isa = PBXContainerItemProxy;
			containerPortal = D606F1872D68253700804161 /* Project object */;
			proxyType = 1;
			remoteGlobalIDString = D606F18E2D68253700804161;
			remoteInfo = "project-claze";
		};
		D65FA8692D682C70003FA8BC /* PBXContainerItemProxy */ = {
			isa = PBXContainerItemProxy;
			containerPortal = D606F1872D68253700804161 /* Project object */;
			proxyType = 1;
			remoteGlobalIDString = D65FA8602D682C70003FA8BC;
			remoteInfo = SharedExtension;
		};
/* End PBXContainerItemProxy section */

/* Begin PBXCopyFilesBuildPhase section */
		D65FA8702D682C70003FA8BC /* Embed Foundation Extensions */ = {
			isa = PBXCopyFilesBuildPhase;
			buildActionMask = 2147483647;
			dstPath = "";
			dstSubfolderSpec = 13;
			files = (
				D65FA86B2D682C70003FA8BC /* SharedExtension.appex in Embed Foundation Extensions */,
			);
			name = "Embed Foundation Extensions";
			runOnlyForDeploymentPostprocessing = 0;
		};
/* End PBXCopyFilesBuildPhase section */

/* Begin PBXFileReference section */
		D606F18F2D68253700804161 /* project-claze.app */ = {isa = PBXFileReference; explicitFileType = wrapper.application; includeInIndex = 0; path = "project-claze.app"; sourceTree = BUILT_PRODUCTS_DIR; };
		D606F1A52D68253900804161 /* project-clazeTests.xctest */ = {isa = PBXFileReference; explicitFileType = wrapper.cfbundle; includeInIndex = 0; path = "project-clazeTests.xctest"; sourceTree = BUILT_PRODUCTS_DIR; };
		D606F1AF2D68253900804161 /* project-clazeUITests.xctest */ = {isa = PBXFileReference; explicitFileType = wrapper.cfbundle; includeInIndex = 0; path = "project-clazeUITests.xctest"; sourceTree = BUILT_PRODUCTS_DIR; };
		D65FA8592D682757003FA8BC /* ClothingClassifier.mlproj */ = {isa = PBXFileReference; lastKnownFileType = wrapper; path = ClothingClassifier.mlproj; sourceTree = "<group>"; };
		D65FA8612D682C70003FA8BC /* SharedExtension.appex */ = {isa = PBXFileReference; explicitFileType = "wrapper.app-extension"; includeInIndex = 0; path = SharedExtension.appex; sourceTree = BUILT_PRODUCTS_DIR; };
/* End PBXFileReference section */

/* Begin PBXFileSystemSynchronizedBuildFileExceptionSet section */
		D606F1B72D68253900804161 /* Exceptions for "project-claze" folder in "project-claze" target */ = {
			isa = PBXFileSystemSynchronizedBuildFileExceptionSet;
			membershipExceptions = (
				Info.plist,
			);
			target = D606F18E2D68253700804161 /* project-claze */;
		};
		D65FA86F2D682C70003FA8BC /* Exceptions for "SharedExtension" folder in "SharedExtension" target */ = {
			isa = PBXFileSystemSynchronizedBuildFileExceptionSet;
			membershipExceptions = (
				Info.plist,
			);
			target = D65FA8602D682C70003FA8BC /* SharedExtension */;
		};
/* End PBXFileSystemSynchronizedBuildFileExceptionSet section */

/* Begin PBXFileSystemSynchronizedRootGroup section */
		D606F1912D68253700804161 /* project-claze */ = {
			isa = PBXFileSystemSynchronizedRootGroup;
			exceptions = (
				D606F1B72D68253900804161 /* Exceptions for "project-claze" folder in "project-claze" target */,
			);
			path = "project-claze";
			sourceTree = "<group>";
		};
		D606F1A82D68253900804161 /* project-clazeTests */ = {
			isa = PBXFileSystemSynchronizedRootGroup;
			path = "project-clazeTests";
			sourceTree = "<group>";
		};
		D606F1B22D68253900804161 /* project-clazeUITests */ = {
			isa = PBXFileSystemSynchronizedRootGroup;
			path = "project-clazeUITests";
			sourceTree = "<group>";
		};
		D65FA8622D682C70003FA8BC /* SharedExtension */ = {
			isa = PBXFileSystemSynchronizedRootGroup;
			exceptions = (
				D65FA86F2D682C70003FA8BC /* Exceptions for "SharedExtension" folder in "SharedExtension" target */,
			);
			path = SharedExtension;
			sourceTree = "<group>";
		};
/* End PBXFileSystemSynchronizedRootGroup section */

/* Begin PBXFrameworksBuildPhase section */
		D606F18C2D68253700804161 /* Frameworks */ = {
			isa = PBXFrameworksBuildPhase;
			buildActionMask = 2147483647;
			files = (
			);
			runOnlyForDeploymentPostprocessing = 0;
		};
		D606F1A22D68253900804161 /* Frameworks */ = {
			isa = PBXFrameworksBuildPhase;
			buildActionMask = 2147483647;
			files = (
			);
			runOnlyForDeploymentPostprocessing = 0;
		};
		D606F1AC2D68253900804161 /* Frameworks */ = {
			isa = PBXFrameworksBuildPhase;
			buildActionMask = 2147483647;
			files = (
			);
			runOnlyForDeploymentPostprocessing = 0;
		};
		D65FA85E2D682C70003FA8BC /* Frameworks */ = {
			isa = PBXFrameworksBuildPhase;
			buildActionMask = 2147483647;
			files = (
			);
			runOnlyForDeploymentPostprocessing = 0;
		};
/* End PBXFrameworksBuildPhase section */

/* Begin PBXGroup section */
		D606F1862D68253700804161 = {
			isa = PBXGroup;
			children = (
				D65FA8592D682757003FA8BC /* ClothingClassifier.mlproj */,
				D606F1912D68253700804161 /* project-claze */,
				D606F1A82D68253900804161 /* project-clazeTests */,
				D606F1B22D68253900804161 /* project-clazeUITests */,
				D65FA8622D682C70003FA8BC /* SharedExtension */,
				D606F1902D68253700804161 /* Products */,
			);
			sourceTree = "<group>";
		};
		D606F1902D68253700804161 /* Products */ = {
			isa = PBXGroup;
			children = (
				D606F18F2D68253700804161 /* project-claze.app */,
				D606F1A52D68253900804161 /* project-clazeTests.xctest */,
				D606F1AF2D68253900804161 /* project-clazeUITests.xctest */,
				D65FA8612D682C70003FA8BC /* SharedExtension.appex */,
			);
			name = Products;
			sourceTree = "<group>";
		};
/* End PBXGroup section */

/* Begin PBXNativeTarget section */
		D606F18E2D68253700804161 /* project-claze */ = {
			isa = PBXNativeTarget;
			buildConfigurationList = D606F1B82D68253900804161 /* Build configuration list for PBXNativeTarget "project-claze" */;
			buildPhases = (
				D606F18B2D68253700804161 /* Sources */,
				D606F18C2D68253700804161 /* Frameworks */,
				D606F18D2D68253700804161 /* Resources */,
				D65FA8702D682C70003FA8BC /* Embed Foundation Extensions */,
			);
			buildRules = (
			);
			dependencies = (
				D65FA86A2D682C70003FA8BC /* PBXTargetDependency */,
			);
			fileSystemSynchronizedGroups = (
				D606F1912D68253700804161 /* project-claze */,
			);
			name = "project-claze";
			packageProductDependencies = (
			);
			productName = "project-claze";
			productReference = D606F18F2D68253700804161 /* project-claze.app */;
			productType = "com.apple.product-type.application";
		};
		D606F1A42D68253900804161 /* project-clazeTests */ = {
			isa = PBXNativeTarget;
			buildConfigurationList = D606F1BD2D68253900804161 /* Build configuration list for PBXNativeTarget "project-clazeTests" */;
			buildPhases = (
				D606F1A12D68253900804161 /* Sources */,
				D606F1A22D68253900804161 /* Frameworks */,
				D606F1A32D68253900804161 /* Resources */,
			);
			buildRules = (
			);
			dependencies = (
				D606F1A72D68253900804161 /* PBXTargetDependency */,
			);
			fileSystemSynchronizedGroups = (
				D606F1A82D68253900804161 /* project-clazeTests */,
			);
			name = "project-clazeTests";
			packageProductDependencies = (
			);
			productName = "project-clazeTests";
			productReference = D606F1A52D68253900804161 /* project-clazeTests.xctest */;
			productType = "com.apple.product-type.bundle.unit-test";
		};
		D606F1AE2D68253900804161 /* project-clazeUITests */ = {
			isa = PBXNativeTarget;
			buildConfigurationList = D606F1C02D68253900804161 /* Build configuration list for PBXNativeTarget "project-clazeUITests" */;
			buildPhases = (
				D606F1AB2D68253900804161 /* Sources */,
				D606F1AC2D68253900804161 /* Frameworks */,
				D606F1AD2D68253900804161 /* Resources */,
			);
			buildRules = (
			);
			dependencies = (
				D606F1B12D68253900804161 /* PBXTargetDependency */,
			);
			fileSystemSynchronizedGroups = (
				D606F1B22D68253900804161 /* project-clazeUITests */,
			);
			name = "project-clazeUITests";
			packageProductDependencies = (
			);
			productName = "project-clazeUITests";
			productReference = D606F1AF2D68253900804161 /* project-clazeUITests.xctest */;
			productType = "com.apple.product-type.bundle.ui-testing";
		};
		D65FA8602D682C70003FA8BC /* SharedExtension */ = {
			isa = PBXNativeTarget;
			buildConfigurationList = D65FA86C2D682C70003FA8BC /* Build configuration list for PBXNativeTarget "SharedExtension" */;
			buildPhases = (
				D65FA85D2D682C70003FA8BC /* Sources */,
				D65FA85E2D682C70003FA8BC /* Frameworks */,
				D65FA85F2D682C70003FA8BC /* Resources */,
			);
			buildRules = (
			);
			dependencies = (
			);
			fileSystemSynchronizedGroups = (
				D65FA8622D682C70003FA8BC /* SharedExtension */,
			);
			name = SharedExtension;
			packageProductDependencies = (
			);
			productName = SharedExtension;
			productReference = D65FA8612D682C70003FA8BC /* SharedExtension.appex */;
			productType = "com.apple.product-type.app-extension";
		};
/* End PBXNativeTarget section */

/* Begin PBXProject section */
		D606F1872D68253700804161 /* Project object */ = {
			isa = PBXProject;
			attributes = {
				BuildIndependentTargetsInParallel = 1;
				LastSwiftUpdateCheck = 1620;
				LastUpgradeCheck = 1620;
				TargetAttributes = {
					D606F18E2D68253700804161 = {
						CreatedOnToolsVersion = 16.2;
					};
					D606F1A42D68253900804161 = {
						CreatedOnToolsVersion = 16.2;
						TestTargetID = D606F18E2D68253700804161;
					};
					D606F1AE2D68253900804161 = {
						CreatedOnToolsVersion = 16.2;
						TestTargetID = D606F18E2D68253700804161;
					};
					D65FA8602D682C70003FA8BC = {
						CreatedOnToolsVersion = 16.2;
					};
				};
			};
			buildConfigurationList = D606F18A2D68253700804161 /* Build configuration list for PBXProject "project-claze" */;
			developmentRegion = en;
			hasScannedForEncodings = 0;
			knownRegions = (
				en,
				Base,
			);
			mainGroup = D606F1862D68253700804161;
			minimizedProjectReferenceProxies = 1;
			preferredProjectObjectVersion = 77;
			productRefGroup = D606F1902D68253700804161 /* Products */;
			projectDirPath = "";
			projectRoot = "";
			targets = (
				D606F18E2D68253700804161 /* project-claze */,
				D606F1A42D68253900804161 /* project-clazeTests */,
				D606F1AE2D68253900804161 /* project-clazeUITests */,
				D65FA8602D682C70003FA8BC /* SharedExtension */,
			);
		};
/* End PBXProject section */

/* Begin PBXResourcesBuildPhase section */
		D606F18D2D68253700804161 /* Resources */ = {
			isa = PBXResourcesBuildPhase;
			buildActionMask = 2147483647;
			files = (
				D65FA85A2D682757003FA8BC /* ClothingClassifier.mlproj in Resources */,
			);
			runOnlyForDeploymentPostprocessing = 0;
		};
		D606F1A32D68253900804161 /* Resources */ = {
			isa = PBXResourcesBuildPhase;
			buildActionMask = 2147483647;
			files = (
			);
			runOnlyForDeploymentPostprocessing = 0;
		};
		D606F1AD2D68253900804161 /* Resources */ = {
			isa = PBXResourcesBuildPhase;
			buildActionMask = 2147483647;
			files = (
			);
			runOnlyForDeploymentPostprocessing = 0;
		};
		D65FA85F2D682C70003FA8BC /* Resources */ = {
			isa = PBXResourcesBuildPhase;
			buildActionMask = 2147483647;
			files = (
			);
			runOnlyForDeploymentPostprocessing = 0;
		};
/* End PBXResourcesBuildPhase section */

/* Begin PBXSourcesBuildPhase section */
		D606F18B2D68253700804161 /* Sources */ = {
			isa = PBXSourcesBuildPhase;
			buildActionMask = 2147483647;
			files = (
			);
			runOnlyForDeploymentPostprocessing = 0;
		};
		D606F1A12D68253900804161 /* Sources */ = {
			isa = PBXSourcesBuildPhase;
			buildActionMask = 2147483647;
			files = (
			);
			runOnlyForDeploymentPostprocessing = 0;
		};
		D606F1AB2D68253900804161 /* Sources */ = {
			isa = PBXSourcesBuildPhase;
			buildActionMask = 2147483647;
			files = (
			);
			runOnlyForDeploymentPostprocessing = 0;
		};
		D65FA85D2D682C70003FA8BC /* Sources */ = {
			isa = PBXSourcesBuildPhase;
			buildActionMask = 2147483647;
			files = (
			);
			runOnlyForDeploymentPostprocessing = 0;
		};
/* End PBXSourcesBuildPhase section */

/* Begin PBXTargetDependency section */
		D606F1A72D68253900804161 /* PBXTargetDependency */ = {
			isa = PBXTargetDependency;
			target = D606F18E2D68253700804161 /* project-claze */;
			targetProxy = D606F1A62D68253900804161 /* PBXContainerItemProxy */;
		};
		D606F1B12D68253900804161 /* PBXTargetDependency */ = {
			isa = PBXTargetDependency;
			target = D606F18E2D68253700804161 /* project-claze */;
			targetProxy = D606F1B02D68253900804161 /* PBXContainerItemProxy */;
		};
		D65FA86A2D682C70003FA8BC /* PBXTargetDependency */ = {
			isa = PBXTargetDependency;
			target = D65FA8602D682C70003FA8BC /* SharedExtension */;
			targetProxy = D65FA8692D682C70003FA8BC /* PBXContainerItemProxy */;
		};
/* End PBXTargetDependency section */

/* Begin XCBuildConfiguration section */
		D606F1B92D68253900804161 /* Debug */ = {
			isa = XCBuildConfiguration;
			buildSettings = {
				ASSETCATALOG_COMPILER_APPICON_NAME = AppIcon;
				ASSETCATALOG_COMPILER_GLOBAL_ACCENT_COLOR_NAME = AccentColor;
				CODE_SIGN_STYLE = Automatic;
				CURRENT_PROJECT_VERSION = 1;
				DEVELOPMENT_TEAM = N676ZFA7W8;
				GENERATE_INFOPLIST_FILE = YES;
				INFOPLIST_FILE = "project-claze/Info.plist";
				INFOPLIST_KEY_UIApplicationSupportsIndirectInputEvents = YES;
				INFOPLIST_KEY_UILaunchStoryboardName = "Launch Screen";
				INFOPLIST_KEY_UISupportedInterfaceOrientations_iPad = "UIInterfaceOrientationPortrait UIInterfaceOrientationPortraitUpsideDown UIInterfaceOrientationLandscapeLeft UIInterfaceOrientationLandscapeRight";
				INFOPLIST_KEY_UISupportedInterfaceOrientations_iPhone = "UIInterfaceOrientationPortrait UIInterfaceOrientationLandscapeLeft UIInterfaceOrientationLandscapeRight";
				LD_RUNPATH_SEARCH_PATHS = (
					"$(inherited)",
					"@executable_path/Frameworks",
				);
				MARKETING_VERSION = 1.0;
				PRODUCT_BUNDLE_IDENTIFIER = "quarang.project-claze";
				PRODUCT_NAME = "$(TARGET_NAME)";
				SWIFT_EMIT_LOC_STRINGS = YES;
				SWIFT_VERSION = 5.0;
				TARGETED_DEVICE_FAMILY = "1,2";
			};
			name = Debug;
		};
		D606F1BA2D68253900804161 /* Release */ = {
			isa = XCBuildConfiguration;
			buildSettings = {
				ASSETCATALOG_COMPILER_APPICON_NAME = AppIcon;
				ASSETCATALOG_COMPILER_GLOBAL_ACCENT_COLOR_NAME = AccentColor;
				CODE_SIGN_STYLE = Automatic;
				CURRENT_PROJECT_VERSION = 1;
				DEVELOPMENT_TEAM = N676ZFA7W8;
				GENERATE_INFOPLIST_FILE = YES;
				INFOPLIST_FILE = "project-claze/Info.plist";
				INFOPLIST_KEY_UIApplicationSupportsIndirectInputEvents = YES;
				INFOPLIST_KEY_UILaunchStoryboardName = "Launch Screen";
				INFOPLIST_KEY_UISupportedInterfaceOrientations_iPad = "UIInterfaceOrientationPortrait UIInterfaceOrientationPortraitUpsideDown UIInterfaceOrientationLandscapeLeft UIInterfaceOrientationLandscapeRight";
				INFOPLIST_KEY_UISupportedInterfaceOrientations_iPhone = "UIInterfaceOrientationPortrait UIInterfaceOrientationLandscapeLeft UIInterfaceOrientationLandscapeRight";
				LD_RUNPATH_SEARCH_PATHS = (
					"$(inherited)",
					"@executable_path/Frameworks",
				);
				MARKETING_VERSION = 1.0;
				PRODUCT_BUNDLE_IDENTIFIER = "quarang.project-claze";
				PRODUCT_NAME = "$(TARGET_NAME)";
				SWIFT_EMIT_LOC_STRINGS = YES;
				SWIFT_VERSION = 5.0;
				TARGETED_DEVICE_FAMILY = "1,2";
			};
			name = Release;
		};
		D606F1BB2D68253900804161 /* Debug */ = {
			isa = XCBuildConfiguration;
			buildSettings = {
				ALWAYS_SEARCH_USER_PATHS = NO;
				ASSETCATALOG_COMPILER_GENERATE_SWIFT_ASSET_SYMBOL_EXTENSIONS = YES;
				CLANG_ANALYZER_NONNULL = YES;
				CLANG_ANALYZER_NUMBER_OBJECT_CONVERSION = YES_AGGRESSIVE;
				CLANG_CXX_LANGUAGE_STANDARD = "gnu++20";
				CLANG_ENABLE_MODULES = YES;
				CLANG_ENABLE_OBJC_ARC = YES;
				CLANG_ENABLE_OBJC_WEAK = YES;
				CLANG_WARN_BLOCK_CAPTURE_AUTORELEASING = YES;
				CLANG_WARN_BOOL_CONVERSION = YES;
				CLANG_WARN_COMMA = YES;
				CLANG_WARN_CONSTANT_CONVERSION = YES;
				CLANG_WARN_DEPRECATED_OBJC_IMPLEMENTATIONS = YES;
				CLANG_WARN_DIRECT_OBJC_ISA_USAGE = YES_ERROR;
				CLANG_WARN_DOCUMENTATION_COMMENTS = YES;
				CLANG_WARN_EMPTY_BODY = YES;
				CLANG_WARN_ENUM_CONVERSION = YES;
				CLANG_WARN_INFINITE_RECURSION = YES;
				CLANG_WARN_INT_CONVERSION = YES;
				CLANG_WARN_NON_LITERAL_NULL_CONVERSION = YES;
				CLANG_WARN_OBJC_IMPLICIT_RETAIN_SELF = YES;
				CLANG_WARN_OBJC_LITERAL_CONVERSION = YES;
				CLANG_WARN_OBJC_ROOT_CLASS = YES_ERROR;
				CLANG_WARN_QUOTED_INCLUDE_IN_FRAMEWORK_HEADER = YES;
				CLANG_WARN_RANGE_LOOP_ANALYSIS = YES;
				CLANG_WARN_STRICT_PROTOTYPES = YES;
				CLANG_WARN_SUSPICIOUS_MOVE = YES;
				CLANG_WARN_UNGUARDED_AVAILABILITY = YES_AGGRESSIVE;
				CLANG_WARN_UNREACHABLE_CODE = YES;
				CLANG_WARN__DUPLICATE_METHOD_MATCH = YES;
				COPY_PHASE_STRIP = NO;
				DEBUG_INFORMATION_FORMAT = dwarf;
				ENABLE_STRICT_OBJC_MSGSEND = YES;
				ENABLE_TESTABILITY = YES;
				ENABLE_USER_SCRIPT_SANDBOXING = YES;
				GCC_C_LANGUAGE_STANDARD = gnu17;
				GCC_DYNAMIC_NO_PIC = NO;
				GCC_NO_COMMON_BLOCKS = YES;
				GCC_OPTIMIZATION_LEVEL = 0;
				GCC_PREPROCESSOR_DEFINITIONS = (
					"DEBUG=1",
					"$(inherited)",
				);
				GCC_WARN_64_TO_32_BIT_CONVERSION = YES;
				GCC_WARN_ABOUT_RETURN_TYPE = YES_ERROR;
				GCC_WARN_UNDECLARED_SELECTOR = YES;
				GCC_WARN_UNINITIALIZED_AUTOS = YES_AGGRESSIVE;
				GCC_WARN_UNUSED_FUNCTION = YES;
				GCC_WARN_UNUSED_VARIABLE = YES;
				IPHONEOS_DEPLOYMENT_TARGET = 18.2;
				LOCALIZATION_PREFERS_STRING_CATALOGS = YES;
				MTL_ENABLE_DEBUG_INFO = INCLUDE_SOURCE;
				MTL_FAST_MATH = YES;
				ONLY_ACTIVE_ARCH = YES;
				SDKROOT = iphoneos;
				SWIFT_ACTIVE_COMPILATION_CONDITIONS = "DEBUG $(inherited)";
				SWIFT_OPTIMIZATION_LEVEL = "-Onone";
			};
			name = Debug;
		};
		D606F1BC2D68253900804161 /* Release */ = {
			isa = XCBuildConfiguration;
			buildSettings = {
				ALWAYS_SEARCH_USER_PATHS = NO;
				ASSETCATALOG_COMPILER_GENERATE_SWIFT_ASSET_SYMBOL_EXTENSIONS = YES;
				CLANG_ANALYZER_NONNULL = YES;
				CLANG_ANALYZER_NUMBER_OBJECT_CONVERSION = YES_AGGRESSIVE;
				CLANG_CXX_LANGUAGE_STANDARD = "gnu++20";
				CLANG_ENABLE_MODULES = YES;
				CLANG_ENABLE_OBJC_ARC = YES;
				CLANG_ENABLE_OBJC_WEAK = YES;
				CLANG_WARN_BLOCK_CAPTURE_AUTORELEASING = YES;
				CLANG_WARN_BOOL_CONVERSION = YES;
				CLANG_WARN_COMMA = YES;
				CLANG_WARN_CONSTANT_CONVERSION = YES;
				CLANG_WARN_DEPRECATED_OBJC_IMPLEMENTATIONS = YES;
				CLANG_WARN_DIRECT_OBJC_ISA_USAGE = YES_ERROR;
				CLANG_WARN_DOCUMENTATION_COMMENTS = YES;
				CLANG_WARN_EMPTY_BODY = YES;
				CLANG_WARN_ENUM_CONVERSION = YES;
				CLANG_WARN_INFINITE_RECURSION = YES;
				CLANG_WARN_INT_CONVERSION = YES;
				CLANG_WARN_NON_LITERAL_NULL_CONVERSION = YES;
				CLANG_WARN_OBJC_IMPLICIT_RETAIN_SELF = YES;
				CLANG_WARN_OBJC_LITERAL_CONVERSION = YES;
				CLANG_WARN_OBJC_ROOT_CLASS = YES_ERROR;
				CLANG_WARN_QUOTED_INCLUDE_IN_FRAMEWORK_HEADER = YES;
				CLANG_WARN_RANGE_LOOP_ANALYSIS = YES;
				CLANG_WARN_STRICT_PROTOTYPES = YES;
				CLANG_WARN_SUSPICIOUS_MOVE = YES;
				CLANG_WARN_UNGUARDED_AVAILABILITY = YES_AGGRESSIVE;
				CLANG_WARN_UNREACHABLE_CODE = YES;
				CLANG_WARN__DUPLICATE_METHOD_MATCH = YES;
				COPY_PHASE_STRIP = NO;
				DEBUG_INFORMATION_FORMAT = "dwarf-with-dsym";
				ENABLE_NS_ASSERTIONS = NO;
				ENABLE_STRICT_OBJC_MSGSEND = YES;
				ENABLE_USER_SCRIPT_SANDBOXING = YES;
				GCC_C_LANGUAGE_STANDARD = gnu17;
				GCC_NO_COMMON_BLOCKS = YES;
				GCC_WARN_64_TO_32_BIT_CONVERSION = YES;
				GCC_WARN_ABOUT_RETURN_TYPE = YES_ERROR;
				GCC_WARN_UNDECLARED_SELECTOR = YES;
				GCC_WARN_UNINITIALIZED_AUTOS = YES_AGGRESSIVE;
				GCC_WARN_UNUSED_FUNCTION = YES;
				GCC_WARN_UNUSED_VARIABLE = YES;
				IPHONEOS_DEPLOYMENT_TARGET = 18.2;
				LOCALIZATION_PREFERS_STRING_CATALOGS = YES;
				MTL_ENABLE_DEBUG_INFO = NO;
				MTL_FAST_MATH = YES;
				SDKROOT = iphoneos;
				SWIFT_COMPILATION_MODE = wholemodule;
				VALIDATE_PRODUCT = YES;
			};
			name = Release;
		};
		D606F1BE2D68253900804161 /* Debug */ = {
			isa = XCBuildConfiguration;
			buildSettings = {
				BUNDLE_LOADER = "$(TEST_HOST)";
				CODE_SIGN_STYLE = Automatic;
				CURRENT_PROJECT_VERSION = 1;
				DEVELOPMENT_TEAM = N676ZFA7W8;
				GENERATE_INFOPLIST_FILE = YES;
				IPHONEOS_DEPLOYMENT_TARGET = 18.2;
				MARKETING_VERSION = 1.0;
				PRODUCT_BUNDLE_IDENTIFIER = "quarang.project-clazeTests";
				PRODUCT_NAME = "$(TARGET_NAME)";
				SWIFT_EMIT_LOC_STRINGS = NO;
				SWIFT_VERSION = 5.0;
				TARGETED_DEVICE_FAMILY = "1,2";
				TEST_HOST = "$(BUILT_PRODUCTS_DIR)/project-claze.app/$(BUNDLE_EXECUTABLE_FOLDER_PATH)/project-claze";
			};
			name = Debug;
		};
		D606F1BF2D68253900804161 /* Release */ = {
			isa = XCBuildConfiguration;
			buildSettings = {
				BUNDLE_LOADER = "$(TEST_HOST)";
				CODE_SIGN_STYLE = Automatic;
				CURRENT_PROJECT_VERSION = 1;
				DEVELOPMENT_TEAM = N676ZFA7W8;
				GENERATE_INFOPLIST_FILE = YES;
				IPHONEOS_DEPLOYMENT_TARGET = 18.2;
				MARKETING_VERSION = 1.0;
				PRODUCT_BUNDLE_IDENTIFIER = "quarang.project-clazeTests";
				PRODUCT_NAME = "$(TARGET_NAME)";
				SWIFT_EMIT_LOC_STRINGS = NO;
				SWIFT_VERSION = 5.0;
				TARGETED_DEVICE_FAMILY = "1,2";
				TEST_HOST = "$(BUILT_PRODUCTS_DIR)/project-claze.app/$(BUNDLE_EXECUTABLE_FOLDER_PATH)/project-claze";
			};
			name = Release;
		};
		D606F1C12D68253900804161 /* Debug */ = {
			isa = XCBuildConfiguration;
			buildSettings = {
				CODE_SIGN_STYLE = Automatic;
				CURRENT_PROJECT_VERSION = 1;
				DEVELOPMENT_TEAM = N676ZFA7W8;
				GENERATE_INFOPLIST_FILE = YES;
				MARKETING_VERSION = 1.0;
				PRODUCT_BUNDLE_IDENTIFIER = "quarang.project-clazeUITests";
				PRODUCT_NAME = "$(TARGET_NAME)";
				SWIFT_EMIT_LOC_STRINGS = NO;
				SWIFT_VERSION = 5.0;
				TARGETED_DEVICE_FAMILY = "1,2";
				TEST_TARGET_NAME = "project-claze";
			};
			name = Debug;
		};
		D606F1C22D68253900804161 /* Release */ = {
			isa = XCBuildConfiguration;
			buildSettings = {
				CODE_SIGN_STYLE = Automatic;
				CURRENT_PROJECT_VERSION = 1;
				DEVELOPMENT_TEAM = N676ZFA7W8;
				GENERATE_INFOPLIST_FILE = YES;
				MARKETING_VERSION = 1.0;
				PRODUCT_BUNDLE_IDENTIFIER = "quarang.project-clazeUITests";
				PRODUCT_NAME = "$(TARGET_NAME)";
				SWIFT_EMIT_LOC_STRINGS = NO;
				SWIFT_VERSION = 5.0;
				TARGETED_DEVICE_FAMILY = "1,2";
				TEST_TARGET_NAME = "project-claze";
			};
			name = Release;
		};
		D65FA86D2D682C70003FA8BC /* Debug */ = {
			isa = XCBuildConfiguration;
			buildSettings = {
				CODE_SIGN_STYLE = Automatic;
				CURRENT_PROJECT_VERSION = 1;
				DEVELOPMENT_TEAM = N676ZFA7W8;
				GENERATE_INFOPLIST_FILE = YES;
				INFOPLIST_FILE = SharedExtension/Info.plist;
				INFOPLIST_KEY_CFBundleDisplayName = SharedExtension;
				INFOPLIST_KEY_NSHumanReadableCopyright = "";
				LD_RUNPATH_SEARCH_PATHS = (
					"$(inherited)",
					"@executable_path/Frameworks",
					"@executable_path/../../Frameworks",
				);
				MARKETING_VERSION = 1.0;
				PRODUCT_BUNDLE_IDENTIFIER = "quarang.project-claze.SharedExtension";
				PRODUCT_NAME = "$(TARGET_NAME)";
				SKIP_INSTALL = YES;
				SWIFT_EMIT_LOC_STRINGS = YES;
				SWIFT_VERSION = 5.0;
				TARGETED_DEVICE_FAMILY = "1,2";
			};
			name = Debug;
		};
		D65FA86E2D682C70003FA8BC /* Release */ = {
			isa = XCBuildConfiguration;
			buildSettings = {
				CODE_SIGN_STYLE = Automatic;
				CURRENT_PROJECT_VERSION = 1;
				DEVELOPMENT_TEAM = N676ZFA7W8;
				GENERATE_INFOPLIST_FILE = YES;
				INFOPLIST_FILE = SharedExtension/Info.plist;
				INFOPLIST_KEY_CFBundleDisplayName = SharedExtension;
				INFOPLIST_KEY_NSHumanReadableCopyright = "";
				LD_RUNPATH_SEARCH_PATHS = (
					"$(inherited)",
					"@executable_path/Frameworks",
					"@executable_path/../../Frameworks",
				);
				MARKETING_VERSION = 1.0;
				PRODUCT_BUNDLE_IDENTIFIER = "quarang.project-claze.SharedExtension";
				PRODUCT_NAME = "$(TARGET_NAME)";
				SKIP_INSTALL = YES;
				SWIFT_EMIT_LOC_STRINGS = YES;
				SWIFT_VERSION = 5.0;
				TARGETED_DEVICE_FAMILY = "1,2";
			};
			name = Release;
		};
/* End XCBuildConfiguration section */

/* Begin XCConfigurationList section */
		D606F18A2D68253700804161 /* Build configuration list for PBXProject "project-claze" */ = {
			isa = XCConfigurationList;
			buildConfigurations = (
				D606F1BB2D68253900804161 /* Debug */,
				D606F1BC2D68253900804161 /* Release */,
			);
			defaultConfigurationIsVisible = 0;
			defaultConfigurationName = Release;
		};
		D606F1B82D68253900804161 /* Build configuration list for PBXNativeTarget "project-claze" */ = {
			isa = XCConfigurationList;
			buildConfigurations = (
				D606F1B92D68253900804161 /* Debug */,
				D606F1BA2D68253900804161 /* Release */,
			);
			defaultConfigurationIsVisible = 0;
			defaultConfigurationName = Release;
		};
		D606F1BD2D68253900804161 /* Build configuration list for PBXNativeTarget "project-clazeTests" */ = {
			isa = XCConfigurationList;
			buildConfigurations = (
				D606F1BE2D68253900804161 /* Debug */,
				D606F1BF2D68253900804161 /* Release */,
			);
			defaultConfigurationIsVisible = 0;
			defaultConfigurationName = Release;
		};
		D606F1C02D68253900804161 /* Build configuration list for PBXNativeTarget "project-clazeUITests" */ = {
			isa = XCConfigurationList;
			buildConfigurations = (
				D606F1C12D68253900804161 /* Debug */,
				D606F1C22D68253900804161 /* Release */,
			);
			defaultConfigurationIsVisible = 0;
			defaultConfigurationName = Release;
		};
		D65FA86C2D682C70003FA8BC /* Build configuration list for PBXNativeTarget "SharedExtension" */ = {
			isa = XCConfigurationList;
			buildConfigurations = (
				D65FA86D2D682C70003FA8BC /* Debug */,
				D65FA86E2D682C70003FA8BC /* Release */,
			);
			defaultConfigurationIsVisible = 0;
			defaultConfigurationName = Release;
		};
/* End XCConfigurationList section */
	};
	rootObject = D606F1872D68253700804161 /* Project object */;
}
